
Microsoft Visual Studio Solution File, Format Version 12.00
# Visual Studio 14
VisualStudioVersion = 14.0.23107.0
MinimumVisualStudioVersion = 10.0.40219.1
Project("{FAE04EC0-301F-11D3-BF4B-00C04F79EFBC}") = "xunit.performance", "xunit.performance\xunit.performance.csproj", "{67071A0F-FE22-4EEA-86E5-419E9EB4C1BD}"
EndProject
Project("{FAE04EC0-301F-11D3-BF4B-00C04F79EFBC}") = "xunit.performance.analysis", "xunit.performance.analysis\xunit.performance.analysis.csproj", "{E114F722-0353-4BCE-A1BE-A6D729FDEACD}"
EndProject
Project("{FAE04EC0-301F-11D3-BF4B-00C04F79EFBC}") = "SimplePerfTests", "samples\SimplePerfTests\SimplePerfTests.csproj", "{F92BE283-3DC0-49E5-8FD1-E1F5FADD4ADC}"
EndProject
Project("{FAE04EC0-301F-11D3-BF4B-00C04F79EFBC}") = "ProcDomain", "ProcDomain\ProcDomain.csproj", "{905ABE0D-B057-4218-A56B-9C25A9DCA6E1}"
EndProject
Project("{FAE04EC0-301F-11D3-BF4B-00C04F79EFBC}") = "xunit.performance.logger", "xunit.performance.logger\xunit.performance.logger.csproj", "{B7B0A4D7-EF9D-4CED-954A-F6E69E30CE27}"
EndProject
Global
	GlobalSection(SolutionConfigurationPlatforms) = preSolution
		Debug|Any CPU = Debug|Any CPU
		Release|Any CPU = Release|Any CPU
	EndGlobalSection
	GlobalSection(ProjectConfigurationPlatforms) = postSolution
		{67071A0F-FE22-4EEA-86E5-419E9EB4C1BD}.Debug|Any CPU.ActiveCfg = Debug|Any CPU
		{67071A0F-FE22-4EEA-86E5-419E9EB4C1BD}.Debug|Any CPU.Build.0 = Debug|Any CPU
		{67071A0F-FE22-4EEA-86E5-419E9EB4C1BD}.Release|Any CPU.ActiveCfg = Release|Any CPU
		{67071A0F-FE22-4EEA-86E5-419E9EB4C1BD}.Release|Any CPU.Build.0 = Release|Any CPU
		{E114F722-0353-4BCE-A1BE-A6D729FDEACD}.Debug|Any CPU.ActiveCfg = Debug|Any CPU
		{E114F722-0353-4BCE-A1BE-A6D729FDEACD}.Debug|Any CPU.Build.0 = Debug|Any CPU
		{E114F722-0353-4BCE-A1BE-A6D729FDEACD}.Release|Any CPU.ActiveCfg = Release|Any CPU
		{E114F722-0353-4BCE-A1BE-A6D729FDEACD}.Release|Any CPU.Build.0 = Release|Any CPU
		{F92BE283-3DC0-49E5-8FD1-E1F5FADD4ADC}.Debug|Any CPU.ActiveCfg = Debug|Any CPU
		{F92BE283-3DC0-49E5-8FD1-E1F5FADD4ADC}.Debug|Any CPU.Build.0 = Debug|Any CPU
		{F92BE283-3DC0-49E5-8FD1-E1F5FADD4ADC}.Release|Any CPU.ActiveCfg = Release|Any CPU
		{F92BE283-3DC0-49E5-8FD1-E1F5FADD4ADC}.Release|Any CPU.Build.0 = Release|Any CPU
		{905ABE0D-B057-4218-A56B-9C25A9DCA6E1}.Debug|Any CPU.ActiveCfg = Debug|Any CPU
		{905ABE0D-B057-4218-A56B-9C25A9DCA6E1}.Debug|Any CPU.Build.0 = Debug|Any CPU
		{905ABE0D-B057-4218-A56B-9C25A9DCA6E1}.Release|Any CPU.ActiveCfg = Release|Any CPU
		{905ABE0D-B057-4218-A56B-9C25A9DCA6E1}.Release|Any CPU.Build.0 = Release|Any CPU
		{B7B0A4D7-EF9D-4CED-954A-F6E69E30CE27}.Debug|Any CPU.ActiveCfg = Debug|Any CPU
		{B7B0A4D7-EF9D-4CED-954A-F6E69E30CE27}.Debug|Any CPU.Build.0 = Debug|Any CPU
		{B7B0A4D7-EF9D-4CED-954A-F6E69E30CE27}.Release|Any CPU.ActiveCfg = Release|Any CPU
		{B7B0A4D7-EF9D-4CED-954A-F6E69E30CE27}.Release|Any CPU.Build.0 = Release|Any CPU
	EndGlobalSection
	GlobalSection(SolutionProperties) = preSolution
		HideSolutionNode = FALSE
	EndGlobalSection
EndGlobal
