
Microsoft Visual Studio Solution File, Format Version 12.00
# Visual Studio 14
VisualStudioVersion = 14.0.25420.1
MinimumVisualStudioVersion = 10.0.40219.1
Project("{FAE04EC0-301F-11D3-BF4B-00C04F79EFBC}") = "ProcDomain", "src\procdomain\ProcDomain.csproj", "{C0AEC052-7046-4D70-9566-AA3EAE544A4D}"
EndProject
Project("{FAE04EC0-301F-11D3-BF4B-00C04F79EFBC}") = "xunit.performance.analysis", "src\xunit.performance.analysis\xunit.performance.analysis.csproj", "{5D1B4456-5591-4303-B676-883FEBAAF518}"
EndProject
Project("{FAE04EC0-301F-11D3-BF4B-00C04F79EFBC}") = "xunit.performance.core", "src\xunit.performance.core\xunit.performance.core.csproj", "{6F5A9562-D475-4BC6-AFCA-24AA844E5099}"
EndProject
Project("{FAE04EC0-301F-11D3-BF4B-00C04F79EFBC}") = "xunit.performance.execution", "src\xunit.performance.execution\xunit.performance.execution.csproj", "{5A9E36FC-C11D-405B-8223-1C27EC00457F}"
EndProject
Project("{FAE04EC0-301F-11D3-BF4B-00C04F79EFBC}") = "xunit.performance.logger", "src\xunit.performance.logger\xunit.performance.logger.csproj", "{BED28FF4-9F15-4FFF-9AA0-958A71EF36D0}"
EndProject
Project("{FAE04EC0-301F-11D3-BF4B-00C04F79EFBC}") = "xunit.performance.metrics", "src\xunit.performance.metrics\xunit.performance.metrics.csproj", "{12A4C1E4-8775-4454-BE1B-569AC4D1C396}"
EndProject
Project("{FAE04EC0-301F-11D3-BF4B-00C04F79EFBC}") = "xunit.performance.run", "src\xunit.performance.run\xunit.performance.run.csproj", "{42923110-48D6-4081-ADA5-E1809595D116}"
EndProject
Project("{FAE04EC0-301F-11D3-BF4B-00C04F79EFBC}") = "Microsoft.DotNet.xunit.performance.analysis.cli", "src\cli\Microsoft.DotNet.xunit.performance.analysis.cli\Microsoft.DotNet.xunit.performance.analysis.cli.csproj", "{A82A0A64-DEED-4497-BDCE-D7B077BFA1B9}"
EndProject
Project("{FAE04EC0-301F-11D3-BF4B-00C04F79EFBC}") = "Microsoft.DotNet.xunit.performance.runner.cli", "src\cli\Microsoft.DotNet.xunit.performance.runner.cli\Microsoft.DotNet.xunit.performance.runner.cli.csproj", "{F2C96569-2C22-4C93-B176-983152F3AD77}"
EndProject
Global
	GlobalSection(SolutionConfigurationPlatforms) = preSolution
		Debug|Any CPU = Debug|Any CPU
		Release|Any CPU = Release|Any CPU
	EndGlobalSection
	GlobalSection(ProjectConfigurationPlatforms) = postSolution
		{C0AEC052-7046-4D70-9566-AA3EAE544A4D}.Debug|Any CPU.ActiveCfg = Release|Any CPU
		{C0AEC052-7046-4D70-9566-AA3EAE544A4D}.Debug|Any CPU.Build.0 = Release|Any CPU
		{C0AEC052-7046-4D70-9566-AA3EAE544A4D}.Release|Any CPU.ActiveCfg = Release|Any CPU
		{C0AEC052-7046-4D70-9566-AA3EAE544A4D}.Release|Any CPU.Build.0 = Release|Any CPU
		{5D1B4456-5591-4303-B676-883FEBAAF518}.Debug|Any CPU.ActiveCfg = Release|Any CPU
		{5D1B4456-5591-4303-B676-883FEBAAF518}.Debug|Any CPU.Build.0 = Release|Any CPU
		{5D1B4456-5591-4303-B676-883FEBAAF518}.Release|Any CPU.ActiveCfg = Release|Any CPU
		{5D1B4456-5591-4303-B676-883FEBAAF518}.Release|Any CPU.Build.0 = Release|Any CPU
		{6F5A9562-D475-4BC6-AFCA-24AA844E5099}.Debug|Any CPU.ActiveCfg = Release|Any CPU
		{6F5A9562-D475-4BC6-AFCA-24AA844E5099}.Debug|Any CPU.Build.0 = Release|Any CPU
		{6F5A9562-D475-4BC6-AFCA-24AA844E5099}.Release|Any CPU.ActiveCfg = Release|Any CPU
		{6F5A9562-D475-4BC6-AFCA-24AA844E5099}.Release|Any CPU.Build.0 = Release|Any CPU
		{5A9E36FC-C11D-405B-8223-1C27EC00457F}.Debug|Any CPU.ActiveCfg = Release|Any CPU
		{5A9E36FC-C11D-405B-8223-1C27EC00457F}.Debug|Any CPU.Build.0 = Release|Any CPU
		{5A9E36FC-C11D-405B-8223-1C27EC00457F}.Release|Any CPU.ActiveCfg = Release|Any CPU
		{5A9E36FC-C11D-405B-8223-1C27EC00457F}.Release|Any CPU.Build.0 = Release|Any CPU
		{BED28FF4-9F15-4FFF-9AA0-958A71EF36D0}.Debug|Any CPU.ActiveCfg = Release|Any CPU
		{BED28FF4-9F15-4FFF-9AA0-958A71EF36D0}.Debug|Any CPU.Build.0 = Release|Any CPU
		{BED28FF4-9F15-4FFF-9AA0-958A71EF36D0}.Release|Any CPU.ActiveCfg = Release|Any CPU
		{BED28FF4-9F15-4FFF-9AA0-958A71EF36D0}.Release|Any CPU.Build.0 = Release|Any CPU
		{12A4C1E4-8775-4454-BE1B-569AC4D1C396}.Debug|Any CPU.ActiveCfg = Release|Any CPU
		{12A4C1E4-8775-4454-BE1B-569AC4D1C396}.Debug|Any CPU.Build.0 = Release|Any CPU
		{12A4C1E4-8775-4454-BE1B-569AC4D1C396}.Release|Any CPU.ActiveCfg = Release|Any CPU
		{12A4C1E4-8775-4454-BE1B-569AC4D1C396}.Release|Any CPU.Build.0 = Release|Any CPU
		{42923110-48D6-4081-ADA5-E1809595D116}.Debug|Any CPU.ActiveCfg = Release|Any CPU
		{42923110-48D6-4081-ADA5-E1809595D116}.Debug|Any CPU.Build.0 = Release|Any CPU
		{42923110-48D6-4081-ADA5-E1809595D116}.Release|Any CPU.ActiveCfg = Release|Any CPU
		{42923110-48D6-4081-ADA5-E1809595D116}.Release|Any CPU.Build.0 = Release|Any CPU
		{A82A0A64-DEED-4497-BDCE-D7B077BFA1B9}.Debug|Any CPU.ActiveCfg = Release|Any CPU
		{A82A0A64-DEED-4497-BDCE-D7B077BFA1B9}.Debug|Any CPU.Build.0 = Release|Any CPU
		{A82A0A64-DEED-4497-BDCE-D7B077BFA1B9}.Release|Any CPU.ActiveCfg = Release|Any CPU
		{A82A0A64-DEED-4497-BDCE-D7B077BFA1B9}.Release|Any CPU.Build.0 = Release|Any CPU
		{F2C96569-2C22-4C93-B176-983152F3AD77}.Debug|Any CPU.ActiveCfg = Release|Any CPU
		{F2C96569-2C22-4C93-B176-983152F3AD77}.Debug|Any CPU.Build.0 = Release|Any CPU
		{F2C96569-2C22-4C93-B176-983152F3AD77}.Release|Any CPU.ActiveCfg = Release|Any CPU
		{F2C96569-2C22-4C93-B176-983152F3AD77}.Release|Any CPU.Build.0 = Release|Any CPU
	EndGlobalSection
	GlobalSection(SolutionProperties) = preSolution
		HideSolutionNode = FALSE
	EndGlobalSection
EndGlobal
