
Microsoft Visual Studio Solution File, Format Version 12.00
# Visual Studio 14
VisualStudioVersion = 14.0.23107.0
MinimumVisualStudioVersion = 10.0.40219.1
Project("{FAE04EC0-301F-11D3-BF4B-00C04F79EFBC}") = "xunit.performance.analysis", "xunit.performance.analysis\xunit.performance.analysis.csproj", "{E114F722-0353-4BCE-A1BE-A6D729FDEACD}"
EndProject
Project("{FAE04EC0-301F-11D3-BF4B-00C04F79EFBC}") = "SimplePerfTests", "samples\SimplePerfTests\SimplePerfTests.csproj", "{F92BE283-3DC0-49E5-8FD1-E1F5FADD4ADC}"
EndProject
Project("{FAE04EC0-301F-11D3-BF4B-00C04F79EFBC}") = "ProcDomain", "ProcDomain\ProcDomain.csproj", "{905ABE0D-B057-4218-A56B-9C25A9DCA6E1}"
EndProject
Project("{FAE04EC0-301F-11D3-BF4B-00C04F79EFBC}") = "xunit.performance.logger", "xunit.performance.logger\xunit.performance.logger.csproj", "{B7B0A4D7-EF9D-4CED-954A-F6E69E30CE27}"
EndProject
Project("{FAE04EC0-301F-11D3-BF4B-00C04F79EFBC}") = "xunit.performance.run", "xunit.performance.run\xunit.performance.run.csproj", "{F188C16F-C268-4674-88FE-04F9D608024F}"
EndProject
Project("{FAE04EC0-301F-11D3-BF4B-00C04F79EFBC}") = "xunit.performance.execution.desktop", "xunit.performance.execution.desktop\xunit.performance.execution.desktop.csproj", "{E8ABD75E-4F88-434F-B400-30AB32FDB0ED}"
EndProject
Project("{FAE04EC0-301F-11D3-BF4B-00C04F79EFBC}") = "xunit.performance.core", "xunit.performance.core\xunit.performance.core.csproj", "{D8820889-CC47-42B6-BAC1-01D16D241ECE}"
EndProject
Global
	GlobalSection(SolutionConfigurationPlatforms) = preSolution
		Debug|Any CPU = Debug|Any CPU
		Release|Any CPU = Release|Any CPU
	EndGlobalSection
	GlobalSection(ProjectConfigurationPlatforms) = postSolution
		{E114F722-0353-4BCE-A1BE-A6D729FDEACD}.Debug|Any CPU.ActiveCfg = Debug|Any CPU
		{E114F722-0353-4BCE-A1BE-A6D729FDEACD}.Debug|Any CPU.Build.0 = Debug|Any CPU
		{E114F722-0353-4BCE-A1BE-A6D729FDEACD}.Release|Any CPU.ActiveCfg = Release|Any CPU
		{E114F722-0353-4BCE-A1BE-A6D729FDEACD}.Release|Any CPU.Build.0 = Release|Any CPU
		{F92BE283-3DC0-49E5-8FD1-E1F5FADD4ADC}.Debug|Any CPU.ActiveCfg = Debug|Any CPU
		{F92BE283-3DC0-49E5-8FD1-E1F5FADD4ADC}.Debug|Any CPU.Build.0 = Debug|Any CPU
		{F92BE283-3DC0-49E5-8FD1-E1F5FADD4ADC}.Release|Any CPU.ActiveCfg = Release|Any CPU
		{F92BE283-3DC0-49E5-8FD1-E1F5FADD4ADC}.Release|Any CPU.Build.0 = Release|Any CPU
		{905ABE0D-B057-4218-A56B-9C25A9DCA6E1}.Debug|Any CPU.ActiveCfg = Debug|Any CPU
		{905ABE0D-B057-4218-A56B-9C25A9DCA6E1}.Debug|Any CPU.Build.0 = Debug|Any CPU
		{905ABE0D-B057-4218-A56B-9C25A9DCA6E1}.Release|Any CPU.ActiveCfg = Release|Any CPU
		{905ABE0D-B057-4218-A56B-9C25A9DCA6E1}.Release|Any CPU.Build.0 = Release|Any CPU
		{B7B0A4D7-EF9D-4CED-954A-F6E69E30CE27}.Debug|Any CPU.ActiveCfg = Debug|Any CPU
		{B7B0A4D7-EF9D-4CED-954A-F6E69E30CE27}.Debug|Any CPU.Build.0 = Debug|Any CPU
		{B7B0A4D7-EF9D-4CED-954A-F6E69E30CE27}.Release|Any CPU.ActiveCfg = Release|Any CPU
		{B7B0A4D7-EF9D-4CED-954A-F6E69E30CE27}.Release|Any CPU.Build.0 = Release|Any CPU
		{F188C16F-C268-4674-88FE-04F9D608024F}.Debug|Any CPU.ActiveCfg = Debug|Any CPU
		{F188C16F-C268-4674-88FE-04F9D608024F}.Debug|Any CPU.Build.0 = Debug|Any CPU
		{F188C16F-C268-4674-88FE-04F9D608024F}.Release|Any CPU.ActiveCfg = Release|Any CPU
		{F188C16F-C268-4674-88FE-04F9D608024F}.Release|Any CPU.Build.0 = Release|Any CPU
		{E8ABD75E-4F88-434F-B400-30AB32FDB0ED}.Debug|Any CPU.ActiveCfg = Debug|Any CPU
		{E8ABD75E-4F88-434F-B400-30AB32FDB0ED}.Debug|Any CPU.Build.0 = Debug|Any CPU
		{E8ABD75E-4F88-434F-B400-30AB32FDB0ED}.Release|Any CPU.ActiveCfg = Release|Any CPU
		{E8ABD75E-4F88-434F-B400-30AB32FDB0ED}.Release|Any CPU.Build.0 = Release|Any CPU
		{D8820889-CC47-42B6-BAC1-01D16D241ECE}.Debug|Any CPU.ActiveCfg = Debug|Any CPU
		{D8820889-CC47-42B6-BAC1-01D16D241ECE}.Debug|Any CPU.Build.0 = Debug|Any CPU
		{D8820889-CC47-42B6-BAC1-01D16D241ECE}.Release|Any CPU.ActiveCfg = Release|Any CPU
		{D8820889-CC47-42B6-BAC1-01D16D241ECE}.Release|Any CPU.Build.0 = Release|Any CPU
	EndGlobalSection
	GlobalSection(SolutionProperties) = preSolution
		HideSolutionNode = FALSE
	EndGlobalSection
EndGlobal
